
Microsoft Visual Studio Solution File, Format Version 12.00
# Visual Studio Version 17
VisualStudioVersion = 17.6.33927.249
MinimumVisualStudioVersion = 10.0.40219.1
Project("{FAE04EC0-301F-11D3-BF4B-00C04F79EFBC}") = "DiplomskiChatBot", "DiplomskiChatBot.csproj", "{FE817645-D04B-44EE-92BA-BEC20FEDC5EE}"
EndProject
Global
	GlobalSection(SolutionConfigurationPlatforms) = preSolution
		Debug|Any CPU = Debug|Any CPU
		Release|Any CPU = Release|Any CPU
	EndGlobalSection
	GlobalSection(ProjectConfigurationPlatforms) = postSolution
		{FE817645-D04B-44EE-92BA-BEC20FEDC5EE}.Debug|Any CPU.ActiveCfg = Debug|Any CPU
		{FE817645-D04B-44EE-92BA-BEC20FEDC5EE}.Debug|Any CPU.Build.0 = Debug|Any CPU
		{FE817645-D04B-44EE-92BA-BEC20FEDC5EE}.Release|Any CPU.ActiveCfg = Release|Any CPU
		{FE817645-D04B-44EE-92BA-BEC20FEDC5EE}.Release|Any CPU.Build.0 = Release|Any CPU
	EndGlobalSection
	GlobalSection(SolutionProperties) = preSolution
		HideSolutionNode = FALSE
	EndGlobalSection
	GlobalSection(ExtensibilityGlobals) = postSolution
		SolutionGuid = {AAF7ADD1-8C02-4FA0-8708-B0B6D2533504}
	EndGlobalSection
EndGlobal
